#MicroXplorer Configuration settings - do not modify
Mcu.Family=STM32F1
ProjectManager.MainLocation=Core/Src
RCC.MCOFreq_Value=16000000
PCC.Series=STM32F1
I2C2.IPParameters=I2C_Mode
ProjectManager.KeepUserCode=true
Mcu.UserName=STM32F103CBTx
PB10.Mode=I2C
PCC.Seq0.Step0.CPU_Frequency=8 MHz
USART1.BaudRate=115200
PCC.Seq0.Step0.User's_Consumption=0 mA
RCC.PLLCLKFreq_Value=16000000
PB14.GPIO_Label=D3
ProjectManager.functionlistsort=1-MX_GPIO_Init-GPIO-false-HAL-true,2-MX_DMA_Init-DMA-false-HAL-true,3-SystemClock_Config-RCC-false-HAL-false,4-MX_CAN_Init-CAN-false-HAL-true,5-MX_CRC_Init-CRC-false-HAL-true,6-MX_TIM2_Init-TIM2-false-HAL-true,7-MX_USART1_UART_Init-USART1-false-HAL-true,8-MX_I2C2_Init-I2C2-false-HAL-true
PA11.Mode=CAN_Activate
RCC.ADCFreqValue=8000000
CAN.SJW=CAN_SJW_1TQ
USART1.IPParameters=VirtualMode,Mode,BaudRate
PCC.Seq0.Step1.Duration=0.9 ms
PB11.Signal=I2C2_SDA
PB15.Signal=GPIO_Output
PinOutPanel.RotationAngle=0
RCC.SYSCLKSource=RCC_SYSCLKSOURCE_PLLCLK
ProjectManager.StackSize=0x800
PD1-OSC_OUT.Signal=RCC_OSC_OUT
Mcu.IP4=I2C2
Mcu.IP5=NVIC
RCC.FCLKCortexFreq_Value=16000000
Mcu.IP2=DMA
NVIC.SVCall_IRQn=true\:0\:0\:false\:false\:false\:false\:false\:false
PCC.Seq0.Step1.Oscillator=Regulator_LP
Mcu.IP3=FREERTOS
Mcu.IP0=CAN
Mcu.IP1=CRC
Dma.USART1_TX.0.Priority=DMA_PRIORITY_LOW
PA12.Signal=CAN_TX
CAN.Prescaler=1
PCC.PartNumber=STM32F103CBTx
Mcu.UserConstants=
Dma.USART1_TX.0.Direction=DMA_MEMORY_TO_PERIPH
Mcu.ThirdPartyNb=0
RCC.HCLKFreq_Value=16000000
Mcu.IPNb=10
TIM2.IPParameters=Prescaler,Period,AutoReloadPreload
ProjectManager.PreviousToolchain=
RCC.APB2TimFreq_Value=16000000
PCC.Seq0.Step1.TaMax=105
PA8.GPIOParameters=GPIO_PuPd,GPIO_Label
Mcu.Pin6=PA8
VP_TIM2_VS_ClockSourceINT.Signal=TIM2_VS_ClockSourceINT
Mcu.Pin7=PA9
Mcu.Pin8=PA11
Mcu.Pin9=PA12
PCC.Seq0.Step1.Category=In DS Table
FREERTOS.IPParameters=Tasks01,MEMORY_ALLOCATION,FootprintOK,INCLUDE_vTaskDelayUntil
RCC.AHBFreq_Value=16000000
Mcu.Pin0=PD0-OSC_IN
Mcu.Pin1=PD1-OSC_OUT
GPIO.groupedBy=Group By Peripherals
Mcu.Pin2=PB10
Mcu.Pin3=PB11
Mcu.Pin4=PB14
Mcu.Pin5=PB15
ProjectManager.ProjectBuild=false
NVIC.UsageFault_IRQn=true\:0\:0\:false\:false\:true\:false\:false\:false
NVIC.DebugMonitor_IRQn=true\:0\:0\:false\:false\:true\:false\:false\:false
PCC.Seq0.Step1.Vdd=3.3
PA8.Locked=true
PCC.Seq0.Step0.Voltage_Source=Battery
PCC.Seq0.Step0.DMIPS=10.0
NVIC.SysTick_IRQn=true\:15\:0\:false\:false\:true\:true\:false\:true
ProjectManager.FirmwarePackage=STM32Cube FW_F1 V1.8.3
MxDb.Version=DB.6.0.21
ProjectManager.BackupPrevious=false
PA14.Mode=Serial_Wire
CAN.NART=ENABLE
File.Version=6
PA8.Signal=GPXTI8
NVIC.PendSV_IRQn=true\:15\:0\:false\:false\:false\:true\:false\:false
VP_FREERTOS_VS_CMSIS_V1.Mode=CMSIS_V1
Dma.USART1_TX.0.PeriphDataAlignment=DMA_PDATAALIGN_BYTE
Dma.RequestsNb=1
CAN.CalculateTimeQuantum=125.0
ProjectManager.HalAssertFull=false
ProjectManager.ProjectName=origarm_actuator
RCC.PLLMCOFreq_Value=8000000
PCC.Seq0.Step0.Oscillator=HSE
Mcu.Package=LQFP48
TIM2.Prescaler=7       
PB14.GPIO_PuPd=GPIO_PULLDOWN
PB15.GPIO_PuPd=GPIO_PULLUP
SH.GPXTI8.0=GPIO_EXTI8
ProjectManager.ToolChainLocation=
PCC.Seq0.Step1.Average_Current=14 \u00B5A
VP_SYS_VS_Systick.Signal=SYS_VS_Systick
SH.GPXTI8.ConfNb=1
FREERTOS.FootprintOK=true
Dma.USART1_TX.0.Instance=DMA1_Channel4
PCC.Checker=false
PB14.GPIOParameters=GPIO_PuPd,GPIO_Label
PCC.Seq0.Step0.Duration=0.1 ms
PCC.Seq0.Step1.DMIPS=0.0
RCC.APB1TimFreq_Value=16000000
NVIC.BusFault_IRQn=true\:0\:0\:false\:false\:true\:false\:false\:false
PCC.Seq0.Step0.Peripherals=
NVIC.DMA1_Channel4_IRQn=true\:5\:0\:false\:false\:true\:true\:false\:true
NVIC.USART1_IRQn=true\:5\:0\:false\:false\:true\:true\:true\:true
Dma.Request0=USART1_TX
PCC.Seq0.Step1.Mode=STOP
I2C2.I2C_Mode=I2C_Standard
ProjectManager.CustomerFirmwarePackage=
PB15.Locked=true
PCC.Seq0.Step1.CPU_Frequency=0 Hz
PCC.Seq0.Step1.Memory=n/a
RCC.PLLSourceVirtual=RCC_PLLSOURCE_HSE
PCC.Seq0.Step0.Category=In DS Table
ProjectManager.ProjectFileName=origarm_actuator.ioc
FREERTOS.Tasks01=sensorTask,1,1024,sensorTaskFunc,Default,NULL,Static,sensorTaskBuffer,sensorTaskControlBlock;sendTask,-1,1024,sendTaskFunc,Default,NULL,Static,sendTaskBuffer,sendTaskControlBlock
Dma.USART1_TX.0.MemInc=DMA_MINC_ENABLE
PD1-OSC_OUT.Mode=HSE-External-Oscillator
Dma.USART1_TX.0.PeriphInc=DMA_PINC_DISABLE
Mcu.PinsNb=16
PCC.Seq0.Step0.Average_Current=4.6 mA
PCC.Vdd=3.3
ProjectManager.NoMain=false
CAN.CalculateBaudRate=1000000
NVIC.SavedSvcallIrqHandlerGenerated=true
FREERTOS.INCLUDE_vTaskDelayUntil=1
ProjectManager.DefaultFWLocation=true
PD0-OSC_IN.Signal=RCC_OSC_IN
ProjectManager.DeletePrevious=true
PCC.Line=STM32F103
PB14.Locked=true
RCC.APB1CLKDivider=RCC_HCLK_DIV2
CAN.CalculateTimeBit=1000.00
RCC.FamilyName=M
PA13.Signal=SYS_JTMS-SWDIO
VP_FREERTOS_VS_CMSIS_V1.Signal=FREERTOS_VS_CMSIS_V1
PCC.Seq0.Step0.TaMax=104.17
PCC.MCU=STM32F103C(8-B)Tx
PA9.Mode=Half_duplex(single_wire_mode)
CAN.BS1=CAN_BS1_6TQ
PA8.GPIO_Label=LASER_INT1
PB11.Mode=I2C
ProjectManager.TargetToolchain=STM32CubeIDE
PCC.Seq0.Step1.User's_Consumption=0 mA
VP_CRC_VS_CRC.Signal=CRC_VS_CRC
PCC.Seq0.Step0.Mode=RUN
PA9.Signal=USART1_TX
Dma.USART1_TX.0.RequestParameters=Instance,Direction,PeriphInc,MemInc,PeriphDataAlignment,MemDataAlignment,Mode,Priority
ProjectManager.RegisterCallBack=
RCC.USBFreq_Value=16000000
CAN.Mode=CAN_MODE_NORMAL
PB10.Signal=I2C2_SCL
PD0-OSC_IN.Mode=HSE-External-Oscillator
PB14.Signal=GPIO_Output
FREERTOS.MEMORY_ALLOCATION=1
Dma.USART1_TX.0.Mode=DMA_NORMAL
board=custom
PCC.Temperature=25
ProjectManager.LastFirmware=true
RCC.VCOOutput2Freq_Value=8000000
NVIC.SavedSystickIrqHandlerGenerated=true
RCC.APB2Freq_Value=16000000
PCC.Seq0.Step0.Frequency=8 MHz
PCC.Seq0.Step0.Vcore=No Scale
MxCube.Version=6.2.1
USART1.Mode=MODE_TX
PB15.GPIO_Label=LASER_D1
VP_TIM2_VS_ClockSourceINT.Mode=Internal
NVIC.USB_LP_CAN1_RX0_IRQn=true\:5\:0\:false\:false\:true\:true\:true\:true
VP_SYS_VS_Systick.Mode=SysTick
NVIC.NonMaskableInt_IRQn=true\:0\:0\:false\:false\:true\:false\:false\:false
CAN.IPParameters=CalculateTimeQuantum,CalculateTimeBit,BS1,Prescaler,NART,Mode,SJW,CalculateBaudRate
TIM2.Period=1000
PB15.GPIOParameters=GPIO_PuPd,GPIO_Label
PA13.Mode=Serial_Wire
ProjectManager.FreePins=false
RCC.IPParameters=ADCFreqValue,AHBFreq_Value,APB1CLKDivider,APB1Freq_Value,APB1TimFreq_Value,APB2Freq_Value,APB2TimFreq_Value,FCLKCortexFreq_Value,FamilyName,HCLKFreq_Value,MCOFreq_Value,PLLCLKFreq_Value,PLLMCOFreq_Value,PLLSourceVirtual,SYSCLKFreq_VALUE,SYSCLKSource,TimSysFreq_Value,USBFreq_Value,VCOOutput2Freq_Value
ProjectManager.AskForMigrate=true
Mcu.Name=STM32F103C(8-B)Tx
NVIC.SavedPendsvIrqHandlerGenerated=true
ProjectManager.UnderRoot=true
Mcu.IP8=TIM2
Mcu.IP9=USART1
Mcu.IP6=RCC
Mcu.IP7=SYS
ProjectManager.CoupleFile=true
PCC.Seq0.Step0.Memory=FLASH
RCC.SYSCLKFreq_VALUE=16000000
RCC.TimSysFreq_Value=16000000
PA12.Mode=CAN_Activate
NVIC.ForceEnableDMAVector=true
KeepUserPlacement=false
NVIC.MemoryManagement_IRQn=true\:0\:0\:false\:false\:true\:false\:false\:false
USART1.VirtualMode=VM_ASYNC
ProjectManager.CompilerOptimize=6
PA11.Signal=CAN_RX
Dma.USART1_TX.0.MemDataAlignment=DMA_MDATAALIGN_BYTE
NVIC.EXTI9_5_IRQn=true\:5\:0\:false\:false\:true\:true\:true\:true
PA14.Signal=SYS_JTCK-SWCLK
ProjectManager.HeapSize=0x400
Mcu.Pin15=VP_TIM2_VS_ClockSourceINT
NVIC.HardFault_IRQn=true\:0\:0\:false\:false\:true\:false\:false\:false
Mcu.Pin13=VP_FREERTOS_VS_CMSIS_V1
Mcu.Pin14=VP_SYS_VS_Systick
ProjectManager.ComputerToolchain=false
NVIC.I2C2_EV_IRQn=true\:5\:0\:false\:false\:true\:true\:true\:true
PA8.GPIO_PuPd=GPIO_PULLDOWN
PCC.Seq0.Step1.Frequency=0 Hz
NVIC.PriorityGroup=NVIC_PRIORITYGROUP_4
Mcu.Pin11=PA14
Mcu.Pin12=VP_CRC_VS_CRC
Mcu.Pin10=PA13
PCC.Seq0.Step1.Peripherals=
TIM2.AutoReloadPreload=TIM_AUTORELOAD_PRELOAD_ENABLE
PCC.Seq0.Step1.Vcore=No Scale
PCC.Seq0.Step1.Voltage_Source=Battery
PCC.Seq0.Step0.Vdd=3.3
PCC.Seq0=2
RCC.APB1Freq_Value=8000000
VP_CRC_VS_CRC.Mode=CRC_Activate
ProjectManager.DeviceId=STM32F103CBTx
ProjectManager.LibraryCopy=1
isbadioc=false
